
Microsoft Visual Studio Solution File, Format Version 12.00
# Visual Studio 15
VisualStudioVersion = 15.0.28307.106
MinimumVisualStudioVersion = 10.0.40219.1
Project("{FAE04EC0-301F-11D3-BF4B-00C04F79EFBC}") = "TestGameServer", "TestGameServer\TestGameServer.csproj", "{DB91D857-2878-4D6F-8D5C-ABF069ABB564}"
EndProject
Global
	GlobalSection(SolutionConfigurationPlatforms) = preSolution
		Debug|Any CPU = Debug|Any CPU
		Release|Any CPU = Release|Any CPU
	EndGlobalSection
	GlobalSection(ProjectConfigurationPlatforms) = postSolution
		{DB91D857-2878-4D6F-8D5C-ABF069ABB564}.Debug|Any CPU.ActiveCfg = Debug|Any CPU
		{DB91D857-2878-4D6F-8D5C-ABF069ABB564}.Debug|Any CPU.Build.0 = Debug|Any CPU
		{DB91D857-2878-4D6F-8D5C-ABF069ABB564}.Release|Any CPU.ActiveCfg = Release|Any CPU
		{DB91D857-2878-4D6F-8D5C-ABF069ABB564}.Release|Any CPU.Build.0 = Release|Any CPU
	EndGlobalSection
	GlobalSection(SolutionProperties) = preSolution
		HideSolutionNode = FALSE
	EndGlobalSection
	GlobalSection(ExtensibilityGlobals) = postSolution
		SolutionGuid = {10F35C9A-27BA-442A-BF02-C7D07F432A63}
	EndGlobalSection
EndGlobal
